
Microsoft Visual Studio Solution File, Format Version 12.00
# Visual Studio Version 17
VisualStudioVersion = 17.10.35122.118
MinimumVisualStudioVersion = 10.0.40219.1
Project("{FAE04EC0-301F-11D3-BF4B-00C04F79EFBC}") = "CheckDomainApplication", "CheckDomainApplication\CheckDomainApplication.csproj", "{A820EA89-B049-493A-973C-C0442E5A69B1}"
EndProject
Global
	GlobalSection(SolutionConfigurationPlatforms) = preSolution
		Debug|Any CPU = Debug|Any CPU
		Release|Any CPU = Release|Any CPU
	EndGlobalSection
	GlobalSection(ProjectConfigurationPlatforms) = postSolution
		{A820EA89-B049-493A-973C-C0442E5A69B1}.Debug|Any CPU.ActiveCfg = Debug|Any CPU
		{A820EA89-B049-493A-973C-C0442E5A69B1}.Debug|Any CPU.Build.0 = Debug|Any CPU
		{A820EA89-B049-493A-973C-C0442E5A69B1}.Release|Any CPU.ActiveCfg = Release|Any CPU
		{A820EA89-B049-493A-973C-C0442E5A69B1}.Release|Any CPU.Build.0 = Release|Any CPU
	EndGlobalSection
	GlobalSection(SolutionProperties) = preSolution
		HideSolutionNode = FALSE
	EndGlobalSection
	GlobalSection(ExtensibilityGlobals) = postSolution
		SolutionGuid = {529EAAF3-4FA5-407E-8D7B-D3A42A0B3F28}
	EndGlobalSection
EndGlobal
